<?xml version="1.0" encoding="utf-8"?>
<Project ToolsVersion="12.0" xmlns="http://schemas.microsoft.com/developer/msbuild/2003">
  <ItemGroup>
    <ClCompile Include="$(MSBuildThisFileDirectory)..\..\pch.cpp" />
    <ClCompile Include="$(MSBuildThisFileDirectory)..\..\..\GUI\CCControlExtension\CCControl.cpp">
      <Filter>GUI\CCControlExtension</Filter>
    </ClCompile>
    <ClCompile Include="$(MSBuildThisFileDirectory)..\..\..\GUI\CCControlExtension\CCControlButton.cpp">
      <Filter>GUI\CCControlExtension</Filter>
    </ClCompile>
    <ClCompile Include="$(MSBuildThisFileDirectory)..\..\..\GUI\CCControlExtension\CCControlColourPicker.cpp">
      <Filter>GUI\CCControlExtension</Filter>
    </ClCompile>
    <ClCompile Include="$(MSBuildThisFileDirectory)..\..\..\GUI\CCControlExtension\CCControlHuePicker.cpp">
      <Filter>GUI\CCControlExtension</Filter>
    </ClCompile>
    <ClCompile Include="$(MSBuildThisFileDirectory)..\..\..\GUI\CCControlExtension\CCControlPotentiometer.cpp">
      <Filter>GUI\CCControlExtension</Filter>
    </ClCompile>
    <ClCompile Include="$(MSBuildThisFileDirectory)..\..\..\GUI\CCControlExtension\CCControlSaturationBrightnessPicker.cpp">
      <Filter>GUI\CCControlExtension</Filter>
    </ClCompile>
    <ClCompile Include="$(MSBuildThisFileDirectory)..\..\..\GUI\CCControlExtension\CCControlSlider.cpp">
      <Filter>GUI\CCControlExtension</Filter>
    </ClCompile>
    <ClCompile Include="$(MSBuildThisFileDirectory)..\..\..\GUI\CCControlExtension\CCControlStepper.cpp">
      <Filter>GUI\CCControlExtension</Filter>
    </ClCompile>
    <ClCompile Include="$(MSBuildThisFileDirectory)..\..\..\GUI\CCControlExtension\CCControlSwitch.cpp">
      <Filter>GUI\CCControlExtension</Filter>
    </ClCompile>
    <ClCompile Include="$(MSBuildThisFileDirectory)..\..\..\GUI\CCControlExtension\CCControlUtils.cpp">
      <Filter>GUI\CCControlExtension</Filter>
    </ClCompile>
    <ClCompile Include="$(MSBuildThisFileDirectory)..\..\..\GUI\CCControlExtension\CCInvocation.cpp">
      <Filter>GUI\CCControlExtension</Filter>
    </ClCompile>
    <ClCompile Include="$(MSBuildThisFileDirectory)..\..\..\GUI\CCControlExtension\CCScale9Sprite.cpp">
      <Filter>GUI\CCControlExtension</Filter>
    </ClCompile>
    <ClCompile Include="$(MSBuildThisFileDirectory)..\..\..\GUI\CCEditBox\CCEditBox.cpp">
      <Filter>GUI\CCEditBox</Filter>
    </ClCompile>
    <ClCompile Include="$(MSBuildThisFileDirectory)..\..\..\GUI\CCScrollView\CCScrollView.cpp">
      <Filter>GUI\CCScrollView</Filter>
    </ClCompile>
    <ClCompile Include="$(MSBuildThisFileDirectory)..\..\..\GUI\CCScrollView\CCTableView.cpp">
      <Filter>GUI\CCScrollView</Filter>
    </ClCompile>
    <ClCompile Include="$(MSBuildThisFileDirectory)..\..\..\GUI\CCScrollView\CCTableViewCell.cpp">
      <Filter>GUI\CCScrollView</Filter>
    </ClCompile>
    <ClCompile Include="$(MSBuildThisFileDirectory)..\..\..\physics-nodes\CCPhysicsDebugNode.cpp">
      <Filter>physics_nodes</Filter>
    </ClCompile>
    <ClCompile Include="$(MSBuildThisFileDirectory)..\..\..\physics-nodes\CCPhysicsSprite.cpp">
      <Filter>physics_nodes</Filter>
    </ClCompile>
  </ItemGroup>
  <ItemGroup>
    <ClInclude Include="$(MSBuildThisFileDirectory)..\..\pch.h" />
    <ClInclude Include="$(MSBuildThisFileDirectory)..\..\..\cocos-ext.h" />
    <ClInclude Include="$(MSBuildThisFileDirectory)..\..\..\ExtensionMacros.h" />
    <ClInclude Include="$(MSBuildThisFileDirectory)..\..\..\GUI\CCControlExtension\CCControl.h">
      <Filter>GUI\CCControlExtension</Filter>
    </ClInclude>
    <ClInclude Include="$(MSBuildThisFileDirectory)..\..\..\GUI\CCControlExtension\CCControlButton.h">
      <Filter>GUI\CCControlExtension</Filter>
    </ClInclude>
    <ClInclude Include="$(MSBuildThisFileDirectory)..\..\..\GUI\CCControlExtension\CCControlColourPicker.h">
      <Filter>GUI\CCControlExtension</Filter>
    </ClInclude>
    <ClInclude Include="$(MSBuildThisFileDirectory)..\..\..\GUI\CCControlExtension\CCControlExtensions.h">
      <Filter>GUI\CCControlExtension</Filter>
    </ClInclude>
    <ClInclude Include="$(MSBuildThisFileDirectory)..\..\..\GUI\CCControlExtension\CCControlHuePicker.h">
      <Filter>GUI\CCControlExtension</Filter>
    </ClInclude>
    <ClInclude Include="$(MSBuildThisFileDirectory)..\..\..\GUI\CCControlExtension\CCControlPotentiometer.h">
      <Filter>GUI\CCControlExtension</Filter>
    </ClInclude>
    <ClInclude Include="$(MSBuildThisFileDirectory)..\..\..\GUI\CCControlExtension\CCControlSaturationBrightnessPicker.h">
      <Filter>GUI\CCControlExtension</Filter>
    </ClInclude>
    <ClInclude Include="$(MSBuildThisFileDirectory)..\..\..\GUI\CCControlExtension\CCControlSlider.h">
      <Filter>GUI\CCControlExtension</Filter>
    </ClInclude>
    <ClInclude Include="$(MSBuildThisFileDirectory)..\..\..\GUI\CCControlExtension\CCControlStepper.h">
      <Filter>GUI\CCControlExtension</Filter>
    </ClInclude>
    <ClInclude Include="$(MSBuildThisFileDirectory)..\..\..\GUI\CCControlExtension\CCControlSwitch.h">
      <Filter>GUI\CCControlExtension</Filter>
    </ClInclude>
    <ClInclude Include="$(MSBuildThisFileDirectory)..\..\..\GUI\CCControlExtension\CCControlUtils.h">
      <Filter>GUI\CCControlExtension</Filter>
    </ClInclude>
    <ClInclude Include="$(MSBuildThisFileDirectory)..\..\..\GUI\CCControlExtension\CCInvocation.h">
      <Filter>GUI\CCControlExtension</Filter>
    </ClInclude>
    <ClInclude Include="$(MSBuildThisFileDirectory)..\..\..\GUI\CCControlExtension\CCScale9Sprite.h">
      <Filter>GUI\CCControlExtension</Filter>
    </ClInclude>
    <ClInclude Include="$(MSBuildThisFileDirectory)..\..\..\GUI\CCEditBox\CCEditBox.h">
      <Filter>GUI\CCEditBox</Filter>
    </ClInclude>
    <ClInclude Include="$(MSBuildThisFileDirectory)..\..\..\GUI\CCEditBox\CCEditBoxImpl.h">
      <Filter>GUI\CCEditBox</Filter>
    </ClInclude>
    <ClInclude Include="$(MSBuildThisFileDirectory)..\..\..\GUI\CCScrollView\CCScrollView.h">
      <Filter>GUI\CCScrollView</Filter>
    </ClInclude>
    <ClInclude Include="$(MSBuildThisFileDirectory)..\..\..\GUI\CCScrollView\CCTableView.h">
      <Filter>GUI\CCScrollView</Filter>
    </ClInclude>
    <ClInclude Include="$(MSBuildThisFileDirectory)..\..\..\GUI\CCScrollView\CCTableViewCell.h">
      <Filter>GUI\CCScrollView</Filter>
    </ClInclude>
    <ClInclude Include="$(MSBuildThisFileDirectory)..\..\..\physics-nodes\CCPhysicsDebugNode.h">
      <Filter>physics_nodes</Filter>
    </ClInclude>
    <ClInclude Include="$(MSBuildThisFileDirectory)..\..\..\physics-nodes\CCPhysicsSprite.h">
      <Filter>physics_nodes</Filter>
    </ClInclude>
  </ItemGroup>
  <ItemGroup>
    <Filter Include="AssetsManager">
      <UniqueIdentifier>{78fc4ed1-ca7d-427b-90ee-adfece9c5cc5}</UniqueIdentifier>
    </Filter>
    <Filter Include="GUI">
      <UniqueIdentifier>{2a106f1f-a24e-46c0-b19e-308366eda554}</UniqueIdentifier>
    </Filter>
    <Filter Include="physics_nodes">
      <UniqueIdentifier>{fa884024-7677-40ea-a67a-5f674b66ba2b}</UniqueIdentifier>
    </Filter>
    <Filter Include="GUI\CCControlExtension">
      <UniqueIdentifier>{133932cf-d123-46ef-b3f2-ad1ad4b1d370}</UniqueIdentifier>
    </Filter>
    <Filter Include="GUI\CCEditBox">
      <UniqueIdentifier>{8cc30a38-5d8e-40a7-917b-20f4e4988468}</UniqueIdentifier>
    </Filter>
    <Filter Include="GUI\CCScrollView">
      <UniqueIdentifier>{f01e5a2e-f056-4198-9b23-f38b40157e86}</UniqueIdentifier>
    </Filter>
  </ItemGroup>
</Project>